{
    "version": 3,
    "terraform_version": "0.11.10",
    "serial": 4,
    "lineage": "85912fb8-e50e-bcc2-06eb-ec3b6082a049",
    "modules": [
        {
            "path": [
                "root"
            ],
            "outputs": {},
            "resources": {
                "azurerm_resource_group.myterraformgroup": {
                    "type": "azurerm_resource_group",
                    "depends_on": [],
                    "primary": {
                        "id": "/subscriptions/beaac0ea-1db2-4d68-accb-d490a1f94a05/resourceGroups/RG_Test",
                        "attributes": {
                            "id": "/subscriptions/beaac0ea-1db2-4d68-accb-d490a1f94a05/resourceGroups/RG_Test",
                            "location": "westeurope",
                            "name": "RG_Test",
                            "tags.%": "1",
                            "tags.environment": "MSDN Test"
                        },
                        "meta": {},
                        "tainted": false
                    },
                    "deposed": [],
                    "provider": "provider.azurerm"
                }
            },
            "depends_on": []
        }
    ]
}
